
Microsoft Visual Studio Solution File, Format Version 12.00
# Visual Studio Version 16
VisualStudioVersion = 16.0.32228.343
MinimumVisualStudioVersion = 10.0.40219.1
Project("{FAE04EC0-301F-11D3-BF4B-00C04F79EFBC}") = "WhatsApp.NET", "WhatsApp.NET\WhatsApp.NET.csproj", "{1905BA85-81B9-4702-BE8E-24478820C3EA}"
EndProject
Global
	GlobalSection(SolutionConfigurationPlatforms) = preSolution
		Debug|Any CPU = Debug|Any CPU
		Release|Any CPU = Release|Any CPU
	EndGlobalSection
	GlobalSection(ProjectConfigurationPlatforms) = postSolution
		{1905BA85-81B9-4702-BE8E-24478820C3EA}.Debug|Any CPU.ActiveCfg = Debug|Any CPU
		{1905BA85-81B9-4702-BE8E-24478820C3EA}.Debug|Any CPU.Build.0 = Debug|Any CPU
		{1905BA85-81B9-4702-BE8E-24478820C3EA}.Release|Any CPU.ActiveCfg = Release|Any CPU
		{1905BA85-81B9-4702-BE8E-24478820C3EA}.Release|Any CPU.Build.0 = Release|Any CPU
	EndGlobalSection
	GlobalSection(SolutionProperties) = preSolution
		HideSolutionNode = FALSE
	EndGlobalSection
	GlobalSection(ExtensibilityGlobals) = postSolution
		SolutionGuid = {5794C267-CC4C-4DF7-8FFF-C690A344E706}
	EndGlobalSection
EndGlobal
